
Microsoft Visual Studio Solution File, Format Version 11.00
# Visual Studio 2010
Project("{FAE04EC0-301F-11D3-BF4B-00C04F79EFBC}") = "MumboJumbo", "MumboJumbo\MumboJumbo\MumboJumbo.csproj", "{880C7BAD-FBD6-4059-80C4-C51D3E973751}"
EndProject
Project("{FAE04EC0-301F-11D3-BF4B-00C04F79EFBC}") = "MumboJumboContent", "MumboJumbo\MumboJumboContent\MumboJumboContent.contentproj", "{836989F4-DD04-4C93-A5EA-E8956D39372D}"
EndProject
Global
	GlobalSection(SolutionConfigurationPlatforms) = preSolution
		Debug|Any CPU = Debug|Any CPU
		Debug|Mixed Platforms = Debug|Mixed Platforms
		Debug|x86 = Debug|x86
		Release|Any CPU = Release|Any CPU
		Release|Mixed Platforms = Release|Mixed Platforms
		Release|x86 = Release|x86
	EndGlobalSection
	GlobalSection(ProjectConfigurationPlatforms) = postSolution
		{880C7BAD-FBD6-4059-80C4-C51D3E973751}.Debug|Any CPU.ActiveCfg = Debug|x86
		{880C7BAD-FBD6-4059-80C4-C51D3E973751}.Debug|Mixed Platforms.ActiveCfg = Debug|x86
		{880C7BAD-FBD6-4059-80C4-C51D3E973751}.Debug|Mixed Platforms.Build.0 = Debug|x86
		{880C7BAD-FBD6-4059-80C4-C51D3E973751}.Debug|x86.ActiveCfg = Debug|x86
		{880C7BAD-FBD6-4059-80C4-C51D3E973751}.Debug|x86.Build.0 = Debug|x86
		{880C7BAD-FBD6-4059-80C4-C51D3E973751}.Release|Any CPU.ActiveCfg = Release|x86
		{880C7BAD-FBD6-4059-80C4-C51D3E973751}.Release|Mixed Platforms.ActiveCfg = Release|x86
		{880C7BAD-FBD6-4059-80C4-C51D3E973751}.Release|Mixed Platforms.Build.0 = Release|x86
		{880C7BAD-FBD6-4059-80C4-C51D3E973751}.Release|x86.ActiveCfg = Release|x86
		{880C7BAD-FBD6-4059-80C4-C51D3E973751}.Release|x86.Build.0 = Release|x86
		{836989F4-DD04-4C93-A5EA-E8956D39372D}.Debug|Any CPU.ActiveCfg = Debug|x86
		{836989F4-DD04-4C93-A5EA-E8956D39372D}.Debug|Mixed Platforms.ActiveCfg = Debug|x86
		{836989F4-DD04-4C93-A5EA-E8956D39372D}.Debug|x86.ActiveCfg = Debug|x86
		{836989F4-DD04-4C93-A5EA-E8956D39372D}.Release|Any CPU.ActiveCfg = Release|x86
		{836989F4-DD04-4C93-A5EA-E8956D39372D}.Release|Mixed Platforms.ActiveCfg = Release|x86
		{836989F4-DD04-4C93-A5EA-E8956D39372D}.Release|x86.ActiveCfg = Release|x86
	EndGlobalSection
	GlobalSection(SolutionProperties) = preSolution
		HideSolutionNode = FALSE
	EndGlobalSection
	GlobalSection(ExtensibilityGlobals) = postSolution
		VisualSVNWorkingCopyRoot = .
	EndGlobalSection
EndGlobal
